
Microsoft Visual Studio Solution File, Format Version 12.00
# Visual Studio 15
VisualStudioVersion = 15.0.26730.16
MinimumVisualStudioVersion = 10.0.40219.1
Project("{FAE04EC0-301F-11D3-BF4B-00C04F79EFBC}") = "Banane9.TelegramBots.ArtChannelBot", "Banane9.TelegramBots.ArtChannelBot\Banane9.TelegramBots.ArtChannelBot.csproj", "{5797F60A-A2DD-49C3-BF93-1522D6A6DC98}"
EndProject
Global
	GlobalSection(SolutionConfigurationPlatforms) = preSolution
		Debug|Any CPU = Debug|Any CPU
		Release|Any CPU = Release|Any CPU
	EndGlobalSection
	GlobalSection(ProjectConfigurationPlatforms) = postSolution
		{5797F60A-A2DD-49C3-BF93-1522D6A6DC98}.Debug|Any CPU.ActiveCfg = Debug|Any CPU
		{5797F60A-A2DD-49C3-BF93-1522D6A6DC98}.Debug|Any CPU.Build.0 = Debug|Any CPU
		{5797F60A-A2DD-49C3-BF93-1522D6A6DC98}.Release|Any CPU.ActiveCfg = Release|Any CPU
		{5797F60A-A2DD-49C3-BF93-1522D6A6DC98}.Release|Any CPU.Build.0 = Release|Any CPU
	EndGlobalSection
	GlobalSection(SolutionProperties) = preSolution
		HideSolutionNode = FALSE
	EndGlobalSection
	GlobalSection(ExtensibilityGlobals) = postSolution
		SolutionGuid = {66C466C3-F37C-4490-849C-BB8B2F631F5C}
	EndGlobalSection
EndGlobal
